// !$*UTF8*$!
{
	archiveVersion = 1;
	classes = {
	};
	objectVersion = 50;
	objects = {

/* Begin PBXBuildFile section */
		18E90B4122C3C1740000F9B2 /* AppDelegate.swift in Sources */ = {isa = PBXBuildFile; fileRef = 18E90B4022C3C1740000F9B2 /* AppDelegate.swift */; };
		18E90B4322C3C1740000F9B2 /* ViewController.swift in Sources */ = {isa = PBXBuildFile; fileRef = 18E90B4222C3C1740000F9B2 /* ViewController.swift */; };
		18E90B4622C3C1740000F9B2 /* Main.storyboard in Resources */ = {isa = PBXBuildFile; fileRef = 18E90B4422C3C1740000F9B2 /* Main.storyboard */; };
		18E90B4922C3C1740000F9B2 /* FinalProject.xcdatamodeld in Sources */ = {isa = PBXBuildFile; fileRef = 18E90B4722C3C1740000F9B2 /* FinalProject.xcdatamodeld */; };
		18E90B4B22C3C1770000F9B2 /* Assets.xcassets in Resources */ = {isa = PBXBuildFile; fileRef = 18E90B4A22C3C1770000F9B2 /* Assets.xcassets */; };
		18E90B4E22C3C1770000F9B2 /* LaunchScreen.storyboard in Resources */ = {isa = PBXBuildFile; fileRef = 18E90B4C22C3C1770000F9B2 /* LaunchScreen.storyboard */; };
		18E90B5922C3C1770000F9B2 /* FinalProjectTests.swift in Sources */ = {isa = PBXBuildFile; fileRef = 18E90B5822C3C1770000F9B2 /* FinalProjectTests.swift */; };
		18E90B6422C3C1770000F9B2 /* FinalProjectUITests.swift in Sources */ = {isa = PBXBuildFile; fileRef = 18E90B6322C3C1770000F9B2 /* FinalProjectUITests.swift */; };
/* End PBXBuildFile section */

/* Begin PBXContainerItemProxy section */
		18E90B5522C3C1770000F9B2 /* PBXContainerItemProxy */ = {
			isa = PBXContainerItemProxy;
			containerPortal = 18E90B3522C3C1740000F9B2 /* Project object */;
			proxyType = 1;
			remoteGlobalIDString = 18E90B3C22C3C1740000F9B2;
			remoteInfo = FinalProject;
		};
		18E90B6022C3C1770000F9B2 /* PBXContainerItemProxy */ = {
			isa = PBXContainerItemProxy;
			containerPortal = 18E90B3522C3C1740000F9B2 /* Project object */;
			proxyType = 1;
			remoteGlobalIDString = 18E90B3C22C3C1740000F9B2;
			remoteInfo = FinalProject;
		};
/* End PBXContainerItemProxy section */

/* Begin PBXFileReference section */
		18E90B3D22C3C1740000F9B2 /* FinalProject.app */ = {isa = PBXFileReference; explicitFileType = wrapper.application; includeInIndex = 0; path = FinalProject.app; sourceTree = BUILT_PRODUCTS_DIR; };
		18E90B4022C3C1740000F9B2 /* AppDelegate.swift */ = {isa = PBXFileReference; lastKnownFileType = sourcecode.swift; path = AppDelegate.swift; sourceTree = "<group>"; };
		18E90B4222C3C1740000F9B2 /* ViewController.swift */ = {isa = PBXFileReference; lastKnownFileType = sourcecode.swift; path = ViewController.swift; sourceTree = "<group>"; };
		18E90B4522C3C1740000F9B2 /* Base */ = {isa = PBXFileReference; lastKnownFileType = file.storyboard; name = Base; path = Base.lproj/Main.storyboard; sourceTree = "<group>"; };
		18E90B4822C3C1740000F9B2 /* FinalProject.xcdatamodel */ = {isa = PBXFileReference; lastKnownFileType = wrapper.xcdatamodel; path = FinalProject.xcdatamodel; sourceTree = "<group>"; };
		18E90B4A22C3C1770000F9B2 /* Assets.xcassets */ = {isa = PBXFileReference; lastKnownFileType = folder.assetcatalog; path = Assets.xcassets; sourceTree = "<group>"; };
		18E90B4D22C3C1770000F9B2 /* Base */ = {isa = PBXFileReference; lastKnownFileType = file.storyboard; name = Base; path = Base.lproj/LaunchScreen.storyboard; sourceTree = "<group>"; };
		18E90B4F22C3C1770000F9B2 /* Info.plist */ = {isa = PBXFileReference; lastKnownFileType = text.plist.xml; path = Info.plist; sourceTree = "<group>"; };
		18E90B5422C3C1770000F9B2 /* FinalProjectTests.xctest */ = {isa = PBXFileReference; explicitFileType = wrapper.cfbundle; includeInIndex = 0; path = FinalProjectTests.xctest; sourceTree = BUILT_PRODUCTS_DIR; };
		18E90B5822C3C1770000F9B2 /* FinalProjectTests.swift */ = {isa = PBXFileReference; lastKnownFileType = sourcecode.swift; path = FinalProjectTests.swift; sourceTree = "<group>"; };
		18E90B5A22C3C1770000F9B2 /* Info.plist */ = {isa = PBXFileReference; lastKnownFileType = text.plist.xml; path = Info.plist; sourceTree = "<group>"; };
		18E90B5F22C3C1770000F9B2 /* FinalProjectUITests.xctest */ = {isa = PBXFileReference; explicitFileType = wrapper.cfbundle; includeInIndex = 0; path = FinalProjectUITests.xctest; sourceTree = BUILT_PRODUCTS_DIR; };
		18E90B6322C3C1770000F9B2 /* FinalProjectUITests.swift */ = {isa = PBXFileReference; lastKnownFileType = sourcecode.swift; path = FinalProjectUITests.swift; sourceTree = "<group>"; };
		18E90B6522C3C1770000F9B2 /* Info.plist */ = {isa = PBXFileReference; lastKnownFileType = text.plist.xml; path = Info.plist; sourceTree = "<group>"; };
/* End PBXFileReference section */

/* Begin PBXFrameworksBuildPhase section */
		18E90B3A22C3C1740000F9B2 /* Frameworks */ = {
			isa = PBXFrameworksBuildPhase;
			buildActionMask = 2147483647;
			files = (
			);
			runOnlyForDeploymentPostprocessing = 0;
		};
		18E90B5122C3C1770000F9B2 /* Frameworks */ = {
			isa = PBXFrameworksBuildPhase;
			buildActionMask = 2147483647;
			files = (
			);
			runOnlyForDeploymentPostprocessing = 0;
		};
		18E90B5C22C3C1770000F9B2 /* Frameworks */ = {
			isa = PBXFrameworksBuildPhase;
			buildActionMask = 2147483647;
			files = (
			);
			runOnlyForDeploymentPostprocessing = 0;
		};
/* End PBXFrameworksBuildPhase section */

/* Begin PBXGroup section */
		18E90B3422C3C1740000F9B2 = {
			isa = PBXGroup;
			children = (
				18E90B3F22C3C1740000F9B2 /* FinalProject */,
				18E90B5722C3C1770000F9B2 /* FinalProjectTests */,
				18E90B6222C3C1770000F9B2 /* FinalProjectUITests */,
				18E90B3E22C3C1740000F9B2 /* Products */,
			);
			sourceTree = "<group>";
		};
		18E90B3E22C3C1740000F9B2 /* Products */ = {
			isa = PBXGroup;
			children = (
				18E90B3D22C3C1740000F9B2 /* FinalProject.app */,
				18E90B5422C3C1770000F9B2 /* FinalProjectTests.xctest */,
				18E90B5F22C3C1770000F9B2 /* FinalProjectUITests.xctest */,
			);
			name = Products;
			sourceTree = "<group>";
		};
		18E90B3F22C3C1740000F9B2 /* FinalProject */ = {
			isa = PBXGroup;
			children = (
				18E90B4022C3C1740000F9B2 /* AppDelegate.swift */,
				18E90B4222C3C1740000F9B2 /* ViewController.swift */,
				18E90B4422C3C1740000F9B2 /* Main.storyboard */,
				18E90B4A22C3C1770000F9B2 /* Assets.xcassets */,
				18E90B4C22C3C1770000F9B2 /* LaunchScreen.storyboard */,
				18E90B4F22C3C1770000F9B2 /* Info.plist */,
				18E90B4722C3C1740000F9B2 /* FinalProject.xcdatamodeld */,
			);
			path = FinalProject;
			sourceTree = "<group>";
		};
		18E90B5722C3C1770000F9B2 /* FinalProjectTests */ = {
			isa = PBXGroup;
			children = (
				18E90B5822C3C1770000F9B2 /* FinalProjectTests.swift */,
				18E90B5A22C3C1770000F9B2 /* Info.plist */,
			);
			path = FinalProjectTests;
			sourceTree = "<group>";
		};
		18E90B6222C3C1770000F9B2 /* FinalProjectUITests */ = {
			isa = PBXGroup;
			children = (
				18E90B6322C3C1770000F9B2 /* FinalProjectUITests.swift */,
				18E90B6522C3C1770000F9B2 /* Info.plist */,
			);
			path = FinalProjectUITests;
			sourceTree = "<group>";
		};
/* End PBXGroup section */

/* Begin PBXNativeTarget section */
		18E90B3C22C3C1740000F9B2 /* FinalProject */ = {
			isa = PBXNativeTarget;
			buildConfigurationList = 18E90B6822C3C1770000F9B2 /* Build configuration list for PBXNativeTarget "FinalProject" */;
			buildPhases = (
				18E90B3922C3C1740000F9B2 /* Sources */,
				18E90B3A22C3C1740000F9B2 /* Frameworks */,
				18E90B3B22C3C1740000F9B2 /* Resources */,
			);
			buildRules = (
			);
			dependencies = (
			);
			name = FinalProject;
			productName = FinalProject;
			productReference = 18E90B3D22C3C1740000F9B2 /* FinalProject.app */;
			productType = "com.apple.product-type.application";
		};
		18E90B5322C3C1770000F9B2 /* FinalProjectTests */ = {
			isa = PBXNativeTarget;
			buildConfigurationList = 18E90B6B22C3C1770000F9B2 /* Build configuration list for PBXNativeTarget "FinalProjectTests" */;
			buildPhases = (
				18E90B5022C3C1770000F9B2 /* Sources */,
				18E90B5122C3C1770000F9B2 /* Frameworks */,
				18E90B5222C3C1770000F9B2 /* Resources */,
			);
			buildRules = (
			);
			dependencies = (
				18E90B5622C3C1770000F9B2 /* PBXTargetDependency */,
			);
			name = FinalProjectTests;
			productName = FinalProjectTests;
			productReference = 18E90B5422C3C1770000F9B2 /* FinalProjectTests.xctest */;
			productType = "com.apple.product-type.bundle.unit-test";
		};
		18E90B5E22C3C1770000F9B2 /* FinalProjectUITests */ = {
			isa = PBXNativeTarget;
			buildConfigurationList = 18E90B6E22C3C1770000F9B2 /* Build configuration list for PBXNativeTarget "FinalProjectUITests" */;
			buildPhases = (
				18E90B5B22C3C1770000F9B2 /* Sources */,
				18E90B5C22C3C1770000F9B2 /* Frameworks */,
				18E90B5D22C3C1770000F9B2 /* Resources */,
			);
			buildRules = (
			);
			dependencies = (
				18E90B6122C3C1770000F9B2 /* PBXTargetDependency */,
			);
			name = FinalProjectUITests;
			productName = FinalProjectUITests;
			productReference = 18E90B5F22C3C1770000F9B2 /* FinalProjectUITests.xctest */;
			productType = "com.apple.product-type.bundle.ui-testing";
		};
/* End PBXNativeTarget section */

/* Begin PBXProject section */
		18E90B3522C3C1740000F9B2 /* Project object */ = {
			isa = PBXProject;
			attributes = {
				LastSwiftUpdateCheck = 1020;
				LastUpgradeCheck = 1020;
				ORGANIZATIONNAME = Apple;
				TargetAttributes = {
					18E90B3C22C3C1740000F9B2 = {
						CreatedOnToolsVersion = 10.2.1;
					};
					18E90B5322C3C1770000F9B2 = {
						CreatedOnToolsVersion = 10.2.1;
						TestTargetID = 18E90B3C22C3C1740000F9B2;
					};
					18E90B5E22C3C1770000F9B2 = {
						CreatedOnToolsVersion = 10.2.1;
						TestTargetID = 18E90B3C22C3C1740000F9B2;
					};
				};
			};
			buildConfigurationList = 18E90B3822C3C1740000F9B2 /* Build configuration list for PBXProject "FinalProject" */;
			compatibilityVersion = "Xcode 9.3";
			developmentRegion = en;
			hasScannedForEncodings = 0;
			knownRegions = (
				en,
				Base,
			);
			mainGroup = 18E90B3422C3C1740000F9B2;
			productRefGroup = 18E90B3E22C3C1740000F9B2 /* Products */;
			projectDirPath = "";
			projectRoot = "";
			targets = (
				18E90B3C22C3C1740000F9B2 /* FinalProject */,
				18E90B5322C3C1770000F9B2 /* FinalProjectTests */,
				18E90B5E22C3C1770000F9B2 /* FinalProjectUITests */,
			);
		};
/* End PBXProject section */

/* Begin PBXResourcesBuildPhase section */
		18E90B3B22C3C1740000F9B2 /* Resources */ = {
			isa = PBXResourcesBuildPhase;
			buildActionMask = 2147483647;
			files = (
				18E90B4E22C3C1770000F9B2 /* LaunchScreen.storyboard in Resources */,
				18E90B4B22C3C1770000F9B2 /* Assets.xcassets in Resources */,
				18E90B4622C3C1740000F9B2 /* Main.storyboard in Resources */,
			);
			runOnlyForDeploymentPostprocessing = 0;
		};
		18E90B5222C3C1770000F9B2 /* Resources */ = {
			isa = PBXResourcesBuildPhase;
			buildActionMask = 2147483647;
			files = (
			);
			runOnlyForDeploymentPostprocessing = 0;
		};
		18E90B5D22C3C1770000F9B2 /* Resources */ = {
			isa = PBXResourcesBuildPhase;
			buildActionMask = 2147483647;
			files = (
			);
			runOnlyForDeploymentPostprocessing = 0;
		};
/* End PBXResourcesBuildPhase section */

/* Begin PBXSourcesBuildPhase section */
		18E90B3922C3C1740000F9B2 /* Sources */ = {
			isa = PBXSourcesBuildPhase;
			buildActionMask = 2147483647;
			files = (
				18E90B4322C3C1740000F9B2 /* ViewController.swift in Sources */,
				18E90B4122C3C1740000F9B2 /* AppDelegate.swift in Sources */,
				18E90B4922C3C1740000F9B2 /* FinalProject.xcdatamodeld in Sources */,
			);
			runOnlyForDeploymentPostprocessing = 0;
		};
		18E90B5022C3C1770000F9B2 /* Sources */ = {
			isa = PBXSourcesBuildPhase;
			buildActionMask = 2147483647;
			files = (
				18E90B5922C3C1770000F9B2 /* FinalProjectTests.swift in Sources */,
			);
			runOnlyForDeploymentPostprocessing = 0;
		};
		18E90B5B22C3C1770000F9B2 /* Sources */ = {
			isa = PBXSourcesBuildPhase;
			buildActionMask = 2147483647;
			files = (
				18E90B6422C3C1770000F9B2 /* FinalProjectUITests.swift in Sources */,
			);
			runOnlyForDeploymentPostprocessing = 0;
		};
/* End PBXSourcesBuildPhase section */

/* Begin PBXTargetDependency section */
		18E90B5622C3C1770000F9B2 /* PBXTargetDependency */ = {
			isa = PBXTargetDependency;
			target = 18E90B3C22C3C1740000F9B2 /* FinalProject */;
			targetProxy = 18E90B5522C3C1770000F9B2 /* PBXContainerItemProxy */;
		};
		18E90B6122C3C1770000F9B2 /* PBXTargetDependency */ = {
			isa = PBXTargetDependency;
			target = 18E90B3C22C3C1740000F9B2 /* FinalProject */;
			targetProxy = 18E90B6022C3C1770000F9B2 /* PBXContainerItemProxy */;
		};
/* End PBXTargetDependency section */

/* Begin PBXVariantGroup section */
		18E90B4422C3C1740000F9B2 /* Main.storyboard */ = {
			isa = PBXVariantGroup;
			children = (
				18E90B4522C3C1740000F9B2 /* Base */,
			);
			name = Main.storyboard;
			sourceTree = "<group>";
		};
		18E90B4C22C3C1770000F9B2 /* LaunchScreen.storyboard */ = {
			isa = PBXVariantGroup;
			children = (
				18E90B4D22C3C1770000F9B2 /* Base */,
			);
			name = LaunchScreen.storyboard;
			sourceTree = "<group>";
		};
/* End PBXVariantGroup section */

/* Begin XCBuildConfiguration section */
		18E90B6622C3C1770000F9B2 /* Debug */ = {
			isa = XCBuildConfiguration;
			buildSettings = {
				ALWAYS_SEARCH_USER_PATHS = NO;
				CLANG_ANALYZER_NONNULL = YES;
				CLANG_ANALYZER_NUMBER_OBJECT_CONVERSION = YES_AGGRESSIVE;
				CLANG_CXX_LANGUAGE_STANDARD = "gnu++14";
				CLANG_CXX_LIBRARY = "libc++";
				CLANG_ENABLE_MODULES = YES;
				CLANG_ENABLE_OBJC_ARC = YES;
				CLANG_ENABLE_OBJC_WEAK = YES;
				CLANG_WARN_BLOCK_CAPTURE_AUTORELEASING = YES;
				CLANG_WARN_BOOL_CONVERSION = YES;
				CLANG_WARN_COMMA = YES;
				CLANG_WARN_CONSTANT_CONVERSION = YES;
				CLANG_WARN_DEPRECATED_OBJC_IMPLEMENTATIONS = YES;
				CLANG_WARN_DIRECT_OBJC_ISA_USAGE = YES_ERROR;
				CLANG_WARN_DOCUMENTATION_COMMENTS = YES;
				CLANG_WARN_EMPTY_BODY = YES;
				CLANG_WARN_ENUM_CONVERSION = YES;
				CLANG_WARN_INFINITE_RECURSION = YES;
				CLANG_WARN_INT_CONVERSION = YES;
				CLANG_WARN_NON_LITERAL_NULL_CONVERSION = YES;
				CLANG_WARN_OBJC_IMPLICIT_RETAIN_SELF = YES;
				CLANG_WARN_OBJC_LITERAL_CONVERSION = YES;
				CLANG_WARN_OBJC_ROOT_CLASS = YES_ERROR;
				CLANG_WARN_RANGE_LOOP_ANALYSIS = YES;
				CLANG_WARN_STRICT_PROTOTYPES = YES;
				CLANG_WARN_SUSPICIOUS_MOVE = YES;
				CLANG_WARN_UNGUARDED_AVAILABILITY = YES_AGGRESSIVE;
				CLANG_WARN_UNREACHABLE_CODE = YES;
				CLANG_WARN__DUPLICATE_METHOD_MATCH = YES;
				CODE_SIGN_IDENTITY = "iPhone Developer";
				COPY_PHASE_STRIP = NO;
				DEBUG_INFORMATION_FORMAT = dwarf;
				ENABLE_STRICT_OBJC_MSGSEND = YES;
				ENABLE_TESTABILITY = YES;
				GCC_C_LANGUAGE_STANDARD = gnu11;
				GCC_DYNAMIC_NO_PIC = NO;
				GCC_NO_COMMON_BLOCKS = YES;
				GCC_OPTIMIZATION_LEVEL = 0;
				GCC_PREPROCESSOR_DEFINITIONS = (
					"DEBUG=1",
					"$(inherited)",
				);
				GCC_WARN_64_TO_32_BIT_CONVERSION = YES;
				GCC_WARN_ABOUT_RETURN_TYPE = YES_ERROR;
				GCC_WARN_UNDECLARED_SELECTOR = YES;
				GCC_WARN_UNINITIALIZED_AUTOS = YES_AGGRESSIVE;
				GCC_WARN_UNUSED_FUNCTION = YES;
				GCC_WARN_UNUSED_VARIABLE = YES;
				IPHONEOS_DEPLOYMENT_TARGET = 12.2;
				MTL_ENABLE_DEBUG_INFO = INCLUDE_SOURCE;
				MTL_FAST_MATH = YES;
				ONLY_ACTIVE_ARCH = YES;
				SDKROOT = iphoneos;
				SWIFT_ACTIVE_COMPILATION_CONDITIONS = DEBUG;
				SWIFT_OPTIMIZATION_LEVEL = "-Onone";
			};
			name = Debug;
		};
		18E90B6722C3C1770000F9B2 /* Release */ = {
			isa = XCBuildConfiguration;
			buildSettings = {
				ALWAYS_SEARCH_USER_PATHS = NO;
				CLANG_ANALYZER_NONNULL = YES;
				CLANG_ANALYZER_NUMBER_OBJECT_CONVERSION = YES_AGGRESSIVE;
				CLANG_CXX_LANGUAGE_STANDARD = "gnu++14";
				CLANG_CXX_LIBRARY = "libc++";
				CLANG_ENABLE_MODULES = YES;
				CLANG_ENABLE_OBJC_ARC = YES;
				CLANG_ENABLE_OBJC_WEAK = YES;
				CLANG_WARN_BLOCK_CAPTURE_AUTORELEASING = YES;
				CLANG_WARN_BOOL_CONVERSION = YES;
				CLANG_WARN_COMMA = YES;
				CLANG_WARN_CONSTANT_CONVERSION = YES;
				CLANG_WARN_DEPRECATED_OBJC_IMPLEMENTATIONS = YES;
				CLANG_WARN_DIRECT_OBJC_ISA_USAGE = YES_ERROR;
				CLANG_WARN_DOCUMENTATION_COMMENTS = YES;
				CLANG_WARN_EMPTY_BODY = YES;
				CLANG_WARN_ENUM_CONVERSION = YES;
				CLANG_WARN_INFINITE_RECURSION = YES;
				CLANG_WARN_INT_CONVERSION = YES;
				CLANG_WARN_NON_LITERAL_NULL_CONVERSION = YES;
				CLANG_WARN_OBJC_IMPLICIT_RETAIN_SELF = YES;
				CLANG_WARN_OBJC_LITERAL_CONVERSION = YES;
				CLANG_WARN_OBJC_ROOT_CLASS = YES_ERROR;
				CLANG_WARN_RANGE_LOOP_ANALYSIS = YES;
				CLANG_WARN_STRICT_PROTOTYPES = YES;
				CLANG_WARN_SUSPICIOUS_MOVE = YES;
				CLANG_WARN_UNGUARDED_AVAILABILITY = YES_AGGRESSIVE;
				CLANG_WARN_UNREACHABLE_CODE = YES;
				CLANG_WARN__DUPLICATE_METHOD_MATCH = YES;
				CODE_SIGN_IDENTITY = "iPhone Developer";
				COPY_PHASE_STRIP = NO;
				DEBUG_INFORMATION_FORMAT = "dwarf-with-dsym";
				ENABLE_NS_ASSERTIONS = NO;
				ENABLE_STRICT_OBJC_MSGSEND = YES;
				GCC_C_LANGUAGE_STANDARD = gnu11;
				GCC_NO_COMMON_BLOCKS = YES;
				GCC_WARN_64_TO_32_BIT_CONVERSION = YES;
				GCC_WARN_ABOUT_RETURN_TYPE = YES_ERROR;
				GCC_WARN_UNDECLARED_SELECTOR = YES;
				GCC_WARN_UNINITIALIZED_AUTOS = YES_AGGRESSIVE;
				GCC_WARN_UNUSED_FUNCTION = YES;
				GCC_WARN_UNUSED_VARIABLE = YES;
				IPHONEOS_DEPLOYMENT_TARGET = 12.2;
				MTL_ENABLE_DEBUG_INFO = NO;
				MTL_FAST_MATH = YES;
				SDKROOT = iphoneos;
				SWIFT_COMPILATION_MODE = wholemodule;
				SWIFT_OPTIMIZATION_LEVEL = "-O";
				VALIDATE_PRODUCT = YES;
			};
			name = Release;
		};
		18E90B6922C3C1770000F9B2 /* Debug */ = {
			isa = XCBuildConfiguration;
			buildSettings = {
				ASSETCATALOG_COMPILER_APPICON_NAME = AppIcon;
				CODE_SIGN_STYLE = Automatic;
				INFOPLIST_FILE = FinalProject/Info.plist;
				LD_RUNPATH_SEARCH_PATHS = (
					"$(inherited)",
					"@executable_path/Frameworks",
				);
				PRODUCT_BUNDLE_IDENTIFIER = "Ryan-Greathouse.FinalProject";
				PRODUCT_NAME = "$(TARGET_NAME)";
				SWIFT_VERSION = 5.0;
				TARGETED_DEVICE_FAMILY = "1,2";
			};
			name = Debug;
		};
		18E90B6A22C3C1770000F9B2 /* Release */ = {
			isa = XCBuildConfiguration;
			buildSettings = {
				ASSETCATALOG_COMPILER_APPICON_NAME = AppIcon;
				CODE_SIGN_STYLE = Automatic;
				INFOPLIST_FILE = FinalProject/Info.plist;
				LD_RUNPATH_SEARCH_PATHS = (
					"$(inherited)",
					"@executable_path/Frameworks",
				);
				PRODUCT_BUNDLE_IDENTIFIER = "Ryan-Greathouse.FinalProject";
				PRODUCT_NAME = "$(TARGET_NAME)";
				SWIFT_VERSION = 5.0;
				TARGETED_DEVICE_FAMILY = "1,2";
			};
			name = Release;
		};
		18E90B6C22C3C1770000F9B2 /* Debug */ = {
			isa = XCBuildConfiguration;
			buildSettings = {
				ALWAYS_EMBED_SWIFT_STANDARD_LIBRARIES = YES;
				BUNDLE_LOADER = "$(TEST_HOST)";
				CODE_SIGN_STYLE = Automatic;
				INFOPLIST_FILE = FinalProjectTests/Info.plist;
				LD_RUNPATH_SEARCH_PATHS = (
					"$(inherited)",
					"@executable_path/Frameworks",
					"@loader_path/Frameworks",
				);
				PRODUCT_BUNDLE_IDENTIFIER = "Ryan-Greathouse.FinalProjectTests";
				PRODUCT_NAME = "$(TARGET_NAME)";
				SWIFT_VERSION = 5.0;
				TARGETED_DEVICE_FAMILY = "1,2";
				TEST_HOST = "$(BUILT_PRODUCTS_DIR)/FinalProject.app/FinalProject";
			};
			name = Debug;
		};
		18E90B6D22C3C1770000F9B2 /* Release */ = {
			isa = XCBuildConfiguration;
			buildSettings = {
				ALWAYS_EMBED_SWIFT_STANDARD_LIBRARIES = YES;
				BUNDLE_LOADER = "$(TEST_HOST)";
				CODE_SIGN_STYLE = Automatic;
				INFOPLIST_FILE = FinalProjectTests/Info.plist;
				LD_RUNPATH_SEARCH_PATHS = (
					"$(inherited)",
					"@executable_path/Frameworks",
					"@loader_path/Frameworks",
				);
				PRODUCT_BUNDLE_IDENTIFIER = "Ryan-Greathouse.FinalProjectTests";
				PRODUCT_NAME = "$(TARGET_NAME)";
				SWIFT_VERSION = 5.0;
				TARGETED_DEVICE_FAMILY = "1,2";
				TEST_HOST = "$(BUILT_PRODUCTS_DIR)/FinalProject.app/FinalProject";
			};
			name = Release;
		};
		18E90B6F22C3C1770000F9B2 /* Debug */ = {
			isa = XCBuildConfiguration;
			buildSettings = {
				ALWAYS_EMBED_SWIFT_STANDARD_LIBRARIES = YES;
				CODE_SIGN_STYLE = Automatic;
				INFOPLIST_FILE = FinalProjectUITests/Info.plist;
				LD_RUNPATH_SEARCH_PATHS = (
					"$(inherited)",
					"@executable_path/Frameworks",
					"@loader_path/Frameworks",
				);
				PRODUCT_BUNDLE_IDENTIFIER = "Ryan-Greathouse.FinalProjectUITests";
				PRODUCT_NAME = "$(TARGET_NAME)";
				SWIFT_VERSION = 5.0;
				TARGETED_DEVICE_FAMILY = "1,2";
				TEST_TARGET_NAME = FinalProject;
			};
			name = Debug;
		};
		18E90B7022C3C1770000F9B2 /* Release */ = {
			isa = XCBuildConfiguration;
			buildSettings = {
				ALWAYS_EMBED_SWIFT_STANDARD_LIBRARIES = YES;
				CODE_SIGN_STYLE = Automatic;
				INFOPLIST_FILE = FinalProjectUITests/Info.plist;
				LD_RUNPATH_SEARCH_PATHS = (
					"$(inherited)",
					"@executable_path/Frameworks",
					"@loader_path/Frameworks",
				);
				PRODUCT_BUNDLE_IDENTIFIER = "Ryan-Greathouse.FinalProjectUITests";
				PRODUCT_NAME = "$(TARGET_NAME)";
				SWIFT_VERSION = 5.0;
				TARGETED_DEVICE_FAMILY = "1,2";
				TEST_TARGET_NAME = FinalProject;
			};
			name = Release;
		};
/* End XCBuildConfiguration section */

/* Begin XCConfigurationList section */
		18E90B3822C3C1740000F9B2 /* Build configuration list for PBXProject "FinalProject" */ = {
			isa = XCConfigurationList;
			buildConfigurations = (
				18E90B6622C3C1770000F9B2 /* Debug */,
				18E90B6722C3C1770000F9B2 /* Release */,
			);
			defaultConfigurationIsVisible = 0;
			defaultConfigurationName = Release;
		};
		18E90B6822C3C1770000F9B2 /* Build configuration list for PBXNativeTarget "FinalProject" */ = {
			isa = XCConfigurationList;
			buildConfigurations = (
				18E90B6922C3C1770000F9B2 /* Debug */,
				18E90B6A22C3C1770000F9B2 /* Release */,
			);
			defaultConfigurationIsVisible = 0;
			defaultConfigurationName = Release;
		};
		18E90B6B22C3C1770000F9B2 /* Build configuration list for PBXNativeTarget "FinalProjectTests" */ = {
			isa = XCConfigurationList;
			buildConfigurations = (
				18E90B6C22C3C1770000F9B2 /* Debug */,
				18E90B6D22C3C1770000F9B2 /* Release */,
			);
			defaultConfigurationIsVisible = 0;
			defaultConfigurationName = Release;
		};
		18E90B6E22C3C1770000F9B2 /* Build configuration list for PBXNativeTarget "FinalProjectUITests" */ = {
			isa = XCConfigurationList;
			buildConfigurations = (
				18E90B6F22C3C1770000F9B2 /* Debug */,
				18E90B7022C3C1770000F9B2 /* Release */,
			);
			defaultConfigurationIsVisible = 0;
			defaultConfigurationName = Release;
		};
/* End XCConfigurationList section */

/* Begin XCVersionGroup section */
		18E90B4722C3C1740000F9B2 /* FinalProject.xcdatamodeld */ = {
			isa = XCVersionGroup;
			children = (
				18E90B4822C3C1740000F9B2 /* FinalProject.xcdatamodel */,
			);
			currentVersion = 18E90B4822C3C1740000F9B2 /* FinalProject.xcdatamodel */;
			path = FinalProject.xcdatamodeld;
			sourceTree = "<group>";
			versionGroupType = wrapper.xcdatamodel;
		};
/* End XCVersionGroup section */
	};
	rootObject = 18E90B3522C3C1740000F9B2 /* Project object */;
}
